// !$*UTF8*$!
{
	archiveVersion = 1;
	classes = {
	};
	objectVersion = 55;
	objects = {

/* Begin PBXBuildFile section */
		25F762E2281999C8009EC54A /* ContentView.swift in Sources */ = {isa = PBXBuildFile; fileRef = 25F762E1281999C8009EC54A /* ContentView.swift */; };
		25F762E4281999C9009EC54A /* Assets.xcassets in Resources */ = {isa = PBXBuildFile; fileRef = 25F762E3281999C9009EC54A /* Assets.xcassets */; };
		25F762E7281999C9009EC54A /* Preview Assets.xcassets in Resources */ = {isa = PBXBuildFile; fileRef = 25F762E6281999C9009EC54A /* Preview Assets.xcassets */; };
		25F762F1281999CA009EC54A /* zkbTests.swift in Sources */ = {isa = PBXBuildFile; fileRef = 25F762F0281999CA009EC54A /* zkbTests.swift */; };
		25F7630A28199A61009EC54A /* AppDelegate.swift in Sources */ = {isa = PBXBuildFile; fileRef = 25F7630928199A61009EC54A /* AppDelegate.swift */; };
		25F7630C28199A85009EC54A /* SceneDelegate.swift in Sources */ = {isa = PBXBuildFile; fileRef = 25F7630B28199A85009EC54A /* SceneDelegate.swift */; };
		25F7630E28199C33009EC54A /* LaunchScreen.storyboard in Resources */ = {isa = PBXBuildFile; fileRef = 25F7630D28199C33009EC54A /* LaunchScreen.storyboard */; };
/* End PBXBuildFile section */

/* Begin PBXContainerItemProxy section */
		25F762ED281999CA009EC54A /* PBXContainerItemProxy */ = {
			isa = PBXContainerItemProxy;
			containerPortal = 25F762D4281999C8009EC54A /* Project object */;
			proxyType = 1;
			remoteGlobalIDString = 25F762DB281999C8009EC54A;
			remoteInfo = zkb;
		};
		25F762F7281999CA009EC54A /* PBXContainerItemProxy */ = {
			isa = PBXContainerItemProxy;
			containerPortal = 25F762D4281999C8009EC54A /* Project object */;
			proxyType = 1;
			remoteGlobalIDString = 25F762DB281999C8009EC54A;
			remoteInfo = zkb;
		};
/* End PBXContainerItemProxy section */

/* Begin PBXFileReference section */
		25F762DC281999C8009EC54A /* zkb.app */ = {isa = PBXFileReference; explicitFileType = wrapper.application; includeInIndex = 0; path = zkb.app; sourceTree = BUILT_PRODUCTS_DIR; };
		25F762E1281999C8009EC54A /* ContentView.swift */ = {isa = PBXFileReference; lastKnownFileType = sourcecode.swift; path = ContentView.swift; sourceTree = "<group>"; };
		25F762E3281999C9009EC54A /* Assets.xcassets */ = {isa = PBXFileReference; lastKnownFileType = folder.assetcatalog; path = Assets.xcassets; sourceTree = "<group>"; };
		25F762E6281999C9009EC54A /* Preview Assets.xcassets */ = {isa = PBXFileReference; lastKnownFileType = folder.assetcatalog; path = "Preview Assets.xcassets"; sourceTree = "<group>"; };
		25F762EC281999CA009EC54A /* zkbTests.xctest */ = {isa = PBXFileReference; explicitFileType = wrapper.cfbundle; includeInIndex = 0; path = zkbTests.xctest; sourceTree = BUILT_PRODUCTS_DIR; };
		25F762F0281999CA009EC54A /* zkbTests.swift */ = {isa = PBXFileReference; lastKnownFileType = sourcecode.swift; path = zkbTests.swift; sourceTree = "<group>"; };
		25F762F6281999CA009EC54A /* zkbUITests.xctest */ = {isa = PBXFileReference; explicitFileType = wrapper.cfbundle; includeInIndex = 0; path = zkbUITests.xctest; sourceTree = BUILT_PRODUCTS_DIR; };
		25F7630928199A61009EC54A /* AppDelegate.swift */ = {isa = PBXFileReference; lastKnownFileType = sourcecode.swift; path = AppDelegate.swift; sourceTree = "<group>"; };
		25F7630B28199A85009EC54A /* SceneDelegate.swift */ = {isa = PBXFileReference; lastKnownFileType = sourcecode.swift; path = SceneDelegate.swift; sourceTree = "<group>"; };
		25F7630D28199C33009EC54A /* LaunchScreen.storyboard */ = {isa = PBXFileReference; lastKnownFileType = file.storyboard; path = LaunchScreen.storyboard; sourceTree = "<group>"; };
		25F7630F28199C45009EC54A /* Info.plist */ = {isa = PBXFileReference; lastKnownFileType = text.plist; path = Info.plist; sourceTree = "<group>"; };
/* End PBXFileReference section */

/* Begin PBXFrameworksBuildPhase section */
		25F762D9281999C8009EC54A /* Frameworks */ = {
			isa = PBXFrameworksBuildPhase;
			buildActionMask = 2147483647;
			files = (
			);
			runOnlyForDeploymentPostprocessing = 0;
		};
		25F762E9281999CA009EC54A /* Frameworks */ = {
			isa = PBXFrameworksBuildPhase;
			buildActionMask = 2147483647;
			files = (
			);
			runOnlyForDeploymentPostprocessing = 0;
		};
		25F762F3281999CA009EC54A /* Frameworks */ = {
			isa = PBXFrameworksBuildPhase;
			buildActionMask = 2147483647;
			files = (
			);
			runOnlyForDeploymentPostprocessing = 0;
		};
/* End PBXFrameworksBuildPhase section */

/* Begin PBXGroup section */
		25F762D3281999C8009EC54A = {
			isa = PBXGroup;
			children = (
				25F762DE281999C8009EC54A /* zkb */,
				25F762EF281999CA009EC54A /* zkbTests */,
				25F762DD281999C8009EC54A /* Products */,
			);
			sourceTree = "<group>";
		};
		25F762DD281999C8009EC54A /* Products */ = {
			isa = PBXGroup;
			children = (
				25F762DC281999C8009EC54A /* zkb.app */,
				25F762EC281999CA009EC54A /* zkbTests.xctest */,
				25F762F6281999CA009EC54A /* zkbUITests.xctest */,
			);
			name = Products;
			sourceTree = "<group>";
		};
		25F762DE281999C8009EC54A /* zkb */ = {
			isa = PBXGroup;
			children = (
				25F7631328199CF2009EC54A /* Models */,
				25F7631228199CEA009EC54A /* Support */,
				25F7631128199CDB009EC54A /* Screens */,
				25F7631028199CD5009EC54A /* CustomViews */,
				25F762E5281999C9009EC54A /* Preview Content */,
				25F7630F28199C45009EC54A /* Info.plist */,
			);
			path = zkb;
			sourceTree = "<group>";
		};
		25F762E5281999C9009EC54A /* Preview Content */ = {
			isa = PBXGroup;
			children = (
				25F762E6281999C9009EC54A /* Preview Assets.xcassets */,
			);
			path = "Preview Content";
			sourceTree = "<group>";
		};
		25F762EF281999CA009EC54A /* zkbTests */ = {
			isa = PBXGroup;
			children = (
				25F762F0281999CA009EC54A /* zkbTests.swift */,
			);
			path = zkbTests;
			sourceTree = "<group>";
		};
		25F7631028199CD5009EC54A /* CustomViews */ = {
			isa = PBXGroup;
			children = (
			);
			path = CustomViews;
			sourceTree = "<group>";
		};
		25F7631128199CDB009EC54A /* Screens */ = {
			isa = PBXGroup;
			children = (
				25F762E1281999C8009EC54A /* ContentView.swift */,
			);
			path = Screens;
			sourceTree = "<group>";
		};
		25F7631228199CEA009EC54A /* Support */ = {
			isa = PBXGroup;
			children = (
				25F7630928199A61009EC54A /* AppDelegate.swift */,
				25F7630B28199A85009EC54A /* SceneDelegate.swift */,
				25F7630D28199C33009EC54A /* LaunchScreen.storyboard */,
				25F762E3281999C9009EC54A /* Assets.xcassets */,
			);
			path = Support;
			sourceTree = "<group>";
		};
		25F7631328199CF2009EC54A /* Models */ = {
			isa = PBXGroup;
			children = (
			);
			path = Models;
			sourceTree = "<group>";
		};
/* End PBXGroup section */

/* Begin PBXNativeTarget section */
		25F762DB281999C8009EC54A /* zkb */ = {
			isa = PBXNativeTarget;
			buildConfigurationList = 25F76300281999CA009EC54A /* Build configuration list for PBXNativeTarget "zkb" */;
			buildPhases = (
				25F762D8281999C8009EC54A /* Sources */,
				25F762D9281999C8009EC54A /* Frameworks */,
				25F762DA281999C8009EC54A /* Resources */,
			);
			buildRules = (
			);
			dependencies = (
			);
			name = zkb;
			productName = zkb;
			productReference = 25F762DC281999C8009EC54A /* zkb.app */;
			productType = "com.apple.product-type.application";
		};
		25F762EB281999CA009EC54A /* zkbTests */ = {
			isa = PBXNativeTarget;
			buildConfigurationList = 25F76303281999CA009EC54A /* Build configuration list for PBXNativeTarget "zkbTests" */;
			buildPhases = (
				25F762E8281999CA009EC54A /* Sources */,
				25F762E9281999CA009EC54A /* Frameworks */,
				25F762EA281999CA009EC54A /* Resources */,
			);
			buildRules = (
			);
			dependencies = (
				25F762EE281999CA009EC54A /* PBXTargetDependency */,
			);
			name = zkbTests;
			productName = zkbTests;
			productReference = 25F762EC281999CA009EC54A /* zkbTests.xctest */;
			productType = "com.apple.product-type.bundle.unit-test";
		};
		25F762F5281999CA009EC54A /* zkbUITests */ = {
			isa = PBXNativeTarget;
			buildConfigurationList = 25F76306281999CA009EC54A /* Build configuration list for PBXNativeTarget "zkbUITests" */;
			buildPhases = (
				25F762F2281999CA009EC54A /* Sources */,
				25F762F3281999CA009EC54A /* Frameworks */,
				25F762F4281999CA009EC54A /* Resources */,
			);
			buildRules = (
			);
			dependencies = (
				25F762F8281999CA009EC54A /* PBXTargetDependency */,
			);
			name = zkbUITests;
			productName = zkbUITests;
			productReference = 25F762F6281999CA009EC54A /* zkbUITests.xctest */;
			productType = "com.apple.product-type.bundle.ui-testing";
		};
/* End PBXNativeTarget section */

/* Begin PBXProject section */
		25F762D4281999C8009EC54A /* Project object */ = {
			isa = PBXProject;
			attributes = {
				BuildIndependentTargetsInParallel = 1;
				LastSwiftUpdateCheck = 1330;
				LastUpgradeCheck = 1330;
				TargetAttributes = {
					25F762DB281999C8009EC54A = {
						CreatedOnToolsVersion = 13.3;
					};
					25F762EB281999CA009EC54A = {
						CreatedOnToolsVersion = 13.3;
						TestTargetID = 25F762DB281999C8009EC54A;
					};
					25F762F5281999CA009EC54A = {
						CreatedOnToolsVersion = 13.3;
						TestTargetID = 25F762DB281999C8009EC54A;
					};
				};
			};
			buildConfigurationList = 25F762D7281999C8009EC54A /* Build configuration list for PBXProject "zkb" */;
			compatibilityVersion = "Xcode 13.0";
			developmentRegion = en;
			hasScannedForEncodings = 0;
			knownRegions = (
				en,
				Base,
			);
			mainGroup = 25F762D3281999C8009EC54A;
			productRefGroup = 25F762DD281999C8009EC54A /* Products */;
			projectDirPath = "";
			projectRoot = "";
			targets = (
				25F762DB281999C8009EC54A /* zkb */,
				25F762EB281999CA009EC54A /* zkbTests */,
				25F762F5281999CA009EC54A /* zkbUITests */,
			);
		};
/* End PBXProject section */

/* Begin PBXResourcesBuildPhase section */
		25F762DA281999C8009EC54A /* Resources */ = {
			isa = PBXResourcesBuildPhase;
			buildActionMask = 2147483647;
			files = (
				25F7630E28199C33009EC54A /* LaunchScreen.storyboard in Resources */,
				25F762E7281999C9009EC54A /* Preview Assets.xcassets in Resources */,
				25F762E4281999C9009EC54A /* Assets.xcassets in Resources */,
			);
			runOnlyForDeploymentPostprocessing = 0;
		};
		25F762EA281999CA009EC54A /* Resources */ = {
			isa = PBXResourcesBuildPhase;
			buildActionMask = 2147483647;
			files = (
			);
			runOnlyForDeploymentPostprocessing = 0;
		};
		25F762F4281999CA009EC54A /* Resources */ = {
			isa = PBXResourcesBuildPhase;
			buildActionMask = 2147483647;
			files = (
			);
			runOnlyForDeploymentPostprocessing = 0;
		};
/* End PBXResourcesBuildPhase section */

/* Begin PBXSourcesBuildPhase section */
		25F762D8281999C8009EC54A /* Sources */ = {
			isa = PBXSourcesBuildPhase;
			buildActionMask = 2147483647;
			files = (
				25F7630A28199A61009EC54A /* AppDelegate.swift in Sources */,
				25F762E2281999C8009EC54A /* ContentView.swift in Sources */,
				25F7630C28199A85009EC54A /* SceneDelegate.swift in Sources */,
			);
			runOnlyForDeploymentPostprocessing = 0;
		};
		25F762E8281999CA009EC54A /* Sources */ = {
			isa = PBXSourcesBuildPhase;
			buildActionMask = 2147483647;
			files = (
				25F762F1281999CA009EC54A /* zkbTests.swift in Sources */,
			);
			runOnlyForDeploymentPostprocessing = 0;
		};
		25F762F2281999CA009EC54A /* Sources */ = {
			isa = PBXSourcesBuildPhase;
			buildActionMask = 2147483647;
			files = (
			);
			runOnlyForDeploymentPostprocessing = 0;
		};
/* End PBXSourcesBuildPhase section */

/* Begin PBXTargetDependency section */
		25F762EE281999CA009EC54A /* PBXTargetDependency */ = {
			isa = PBXTargetDependency;
			target = 25F762DB281999C8009EC54A /* zkb */;
			targetProxy = 25F762ED281999CA009EC54A /* PBXContainerItemProxy */;
		};
		25F762F8281999CA009EC54A /* PBXTargetDependency */ = {
			isa = PBXTargetDependency;
			target = 25F762DB281999C8009EC54A /* zkb */;
			targetProxy = 25F762F7281999CA009EC54A /* PBXContainerItemProxy */;
		};
/* End PBXTargetDependency section */

/* Begin XCBuildConfiguration section */
		25F762FE281999CA009EC54A /* Debug */ = {
			isa = XCBuildConfiguration;
			buildSettings = {
				ALWAYS_SEARCH_USER_PATHS = NO;
				CLANG_ANALYZER_NONNULL = YES;
				CLANG_ANALYZER_NUMBER_OBJECT_CONVERSION = YES_AGGRESSIVE;
				CLANG_CXX_LANGUAGE_STANDARD = "gnu++17";
				CLANG_ENABLE_MODULES = YES;
				CLANG_ENABLE_OBJC_ARC = YES;
				CLANG_ENABLE_OBJC_WEAK = YES;
				CLANG_WARN_BLOCK_CAPTURE_AUTORELEASING = YES;
				CLANG_WARN_BOOL_CONVERSION = YES;
				CLANG_WARN_COMMA = YES;
				CLANG_WARN_CONSTANT_CONVERSION = YES;
				CLANG_WARN_DEPRECATED_OBJC_IMPLEMENTATIONS = YES;
				CLANG_WARN_DIRECT_OBJC_ISA_USAGE = YES_ERROR;
				CLANG_WARN_DOCUMENTATION_COMMENTS = YES;
				CLANG_WARN_EMPTY_BODY = YES;
				CLANG_WARN_ENUM_CONVERSION = YES;
				CLANG_WARN_INFINITE_RECURSION = YES;
				CLANG_WARN_INT_CONVERSION = YES;
				CLANG_WARN_NON_LITERAL_NULL_CONVERSION = YES;
				CLANG_WARN_OBJC_IMPLICIT_RETAIN_SELF = YES;
				CLANG_WARN_OBJC_LITERAL_CONVERSION = YES;
				CLANG_WARN_OBJC_ROOT_CLASS = YES_ERROR;
				CLANG_WARN_QUOTED_INCLUDE_IN_FRAMEWORK_HEADER = YES;
				CLANG_WARN_RANGE_LOOP_ANALYSIS = YES;
				CLANG_WARN_STRICT_PROTOTYPES = YES;
				CLANG_WARN_SUSPICIOUS_MOVE = YES;
				CLANG_WARN_UNGUARDED_AVAILABILITY = YES_AGGRESSIVE;
				CLANG_WARN_UNREACHABLE_CODE = YES;
				CLANG_WARN__DUPLICATE_METHOD_MATCH = YES;
				COPY_PHASE_STRIP = NO;
				DEBUG_INFORMATION_FORMAT = dwarf;
				ENABLE_STRICT_OBJC_MSGSEND = YES;
				ENABLE_TESTABILITY = YES;
				GCC_C_LANGUAGE_STANDARD = gnu11;
				GCC_DYNAMIC_NO_PIC = NO;
				GCC_NO_COMMON_BLOCKS = YES;
				GCC_OPTIMIZATION_LEVEL = 0;
				GCC_PREPROCESSOR_DEFINITIONS = (
					"DEBUG=1",
					"$(inherited)",
				);
				GCC_WARN_64_TO_32_BIT_CONVERSION = YES;
				GCC_WARN_ABOUT_RETURN_TYPE = YES_ERROR;
				GCC_WARN_UNDECLARED_SELECTOR = YES;
				GCC_WARN_UNINITIALIZED_AUTOS = YES_AGGRESSIVE;
				GCC_WARN_UNUSED_FUNCTION = YES;
				GCC_WARN_UNUSED_VARIABLE = YES;
				IPHONEOS_DEPLOYMENT_TARGET = 15.4;
				MTL_ENABLE_DEBUG_INFO = INCLUDE_SOURCE;
				MTL_FAST_MATH = YES;
				ONLY_ACTIVE_ARCH = YES;
				SDKROOT = iphoneos;
				SWIFT_ACTIVE_COMPILATION_CONDITIONS = DEBUG;
				SWIFT_OPTIMIZATION_LEVEL = "-Onone";
			};
			name = Debug;
		};
		25F762FF281999CA009EC54A /* Release */ = {
			isa = XCBuildConfiguration;
			buildSettings = {
				ALWAYS_SEARCH_USER_PATHS = NO;
				CLANG_ANALYZER_NONNULL = YES;
				CLANG_ANALYZER_NUMBER_OBJECT_CONVERSION = YES_AGGRESSIVE;
				CLANG_CXX_LANGUAGE_STANDARD = "gnu++17";
				CLANG_ENABLE_MODULES = YES;
				CLANG_ENABLE_OBJC_ARC = YES;
				CLANG_ENABLE_OBJC_WEAK = YES;
				CLANG_WARN_BLOCK_CAPTURE_AUTORELEASING = YES;
				CLANG_WARN_BOOL_CONVERSION = YES;
				CLANG_WARN_COMMA = YES;
				CLANG_WARN_CONSTANT_CONVERSION = YES;
				CLANG_WARN_DEPRECATED_OBJC_IMPLEMENTATIONS = YES;
				CLANG_WARN_DIRECT_OBJC_ISA_USAGE = YES_ERROR;
				CLANG_WARN_DOCUMENTATION_COMMENTS = YES;
				CLANG_WARN_EMPTY_BODY = YES;
				CLANG_WARN_ENUM_CONVERSION = YES;
				CLANG_WARN_INFINITE_RECURSION = YES;
				CLANG_WARN_INT_CONVERSION = YES;
				CLANG_WARN_NON_LITERAL_NULL_CONVERSION = YES;
				CLANG_WARN_OBJC_IMPLICIT_RETAIN_SELF = YES;
				CLANG_WARN_OBJC_LITERAL_CONVERSION = YES;
				CLANG_WARN_OBJC_ROOT_CLASS = YES_ERROR;
				CLANG_WARN_QUOTED_INCLUDE_IN_FRAMEWORK_HEADER = YES;
				CLANG_WARN_RANGE_LOOP_ANALYSIS = YES;
				CLANG_WARN_STRICT_PROTOTYPES = YES;
				CLANG_WARN_SUSPICIOUS_MOVE = YES;
				CLANG_WARN_UNGUARDED_AVAILABILITY = YES_AGGRESSIVE;
				CLANG_WARN_UNREACHABLE_CODE = YES;
				CLANG_WARN__DUPLICATE_METHOD_MATCH = YES;
				COPY_PHASE_STRIP = NO;
				DEBUG_INFORMATION_FORMAT = "dwarf-with-dsym";
				ENABLE_NS_ASSERTIONS = NO;
				ENABLE_STRICT_OBJC_MSGSEND = YES;
				GCC_C_LANGUAGE_STANDARD = gnu11;
				GCC_NO_COMMON_BLOCKS = YES;
				GCC_WARN_64_TO_32_BIT_CONVERSION = YES;
				GCC_WARN_ABOUT_RETURN_TYPE = YES_ERROR;
				GCC_WARN_UNDECLARED_SELECTOR = YES;
				GCC_WARN_UNINITIALIZED_AUTOS = YES_AGGRESSIVE;
				GCC_WARN_UNUSED_FUNCTION = YES;
				GCC_WARN_UNUSED_VARIABLE = YES;
				IPHONEOS_DEPLOYMENT_TARGET = 15.4;
				MTL_ENABLE_DEBUG_INFO = NO;
				MTL_FAST_MATH = YES;
				SDKROOT = iphoneos;
				SWIFT_COMPILATION_MODE = wholemodule;
				SWIFT_OPTIMIZATION_LEVEL = "-O";
				VALIDATE_PRODUCT = YES;
			};
			name = Release;
		};
		25F76301281999CA009EC54A /* Debug */ = {
			isa = XCBuildConfiguration;
			buildSettings = {
				ASSETCATALOG_COMPILER_APPICON_NAME = AppIcon;
				ASSETCATALOG_COMPILER_GLOBAL_ACCENT_COLOR_NAME = AccentColor;
				CODE_SIGN_STYLE = Automatic;
				CURRENT_PROJECT_VERSION = 1;
				DEVELOPMENT_ASSET_PATHS = "\"zkb/Preview Content\"";
				DEVELOPMENT_TEAM = 9F6N6846R8;
				ENABLE_PREVIEWS = YES;
				GENERATE_INFOPLIST_FILE = YES;
				INFOPLIST_FILE = zkb/Info.plist;
				INFOPLIST_KEY_CFBundleDisplayName = ZKB;
				INFOPLIST_KEY_UIApplicationSupportsIndirectInputEvents = YES;
				INFOPLIST_KEY_UILaunchScreen_Generation = YES;
				INFOPLIST_KEY_UILaunchStoryboardName = LaunchScreen;
				INFOPLIST_KEY_UISupportedInterfaceOrientations = UIInterfaceOrientationPortrait;
				INFOPLIST_KEY_UISupportedInterfaceOrientations_iPad = "UIInterfaceOrientationPortrait UIInterfaceOrientationPortraitUpsideDown UIInterfaceOrientationLandscapeLeft UIInterfaceOrientationLandscapeRight";
				INFOPLIST_KEY_UISupportedInterfaceOrientations_iPhone = "UIInterfaceOrientationPortrait UIInterfaceOrientationLandscapeLeft UIInterfaceOrientationLandscapeRight";
				IPHONEOS_DEPLOYMENT_TARGET = 13.0;
				LD_RUNPATH_SEARCH_PATHS = (
					"$(inherited)",
					"@executable_path/Frameworks",
				);
				MARKETING_VERSION = 1.0;
				PRODUCT_BUNDLE_IDENTIFIER = ch.mikaru.zkb;
				PRODUCT_NAME = "$(TARGET_NAME)";
				SWIFT_EMIT_LOC_STRINGS = YES;
				SWIFT_VERSION = 5.0;
				TARGETED_DEVICE_FAMILY = 1;
			};
			name = Debug;
		};
		25F76302281999CA009EC54A /* Release */ = {
			isa = XCBuildConfiguration;
			buildSettings = {
				ASSETCATALOG_COMPILER_APPICON_NAME = AppIcon;
				ASSETCATALOG_COMPILER_GLOBAL_ACCENT_COLOR_NAME = AccentColor;
				CODE_SIGN_STYLE = Automatic;
				CURRENT_PROJECT_VERSION = 1;
				DEVELOPMENT_ASSET_PATHS = "\"zkb/Preview Content\"";
				DEVELOPMENT_TEAM = 9F6N6846R8;
				ENABLE_PREVIEWS = YES;
				GENERATE_INFOPLIST_FILE = YES;
				INFOPLIST_FILE = zkb/Info.plist;
				INFOPLIST_KEY_CFBundleDisplayName = ZKB;
				INFOPLIST_KEY_UIApplicationSupportsIndirectInputEvents = YES;
				INFOPLIST_KEY_UILaunchScreen_Generation = YES;
				INFOPLIST_KEY_UILaunchStoryboardName = LaunchScreen;
				INFOPLIST_KEY_UISupportedInterfaceOrientations = UIInterfaceOrientationPortrait;
				INFOPLIST_KEY_UISupportedInterfaceOrientations_iPad = "UIInterfaceOrientationPortrait UIInterfaceOrientationPortraitUpsideDown UIInterfaceOrientationLandscapeLeft UIInterfaceOrientationLandscapeRight";
				INFOPLIST_KEY_UISupportedInterfaceOrientations_iPhone = "UIInterfaceOrientationPortrait UIInterfaceOrientationLandscapeLeft UIInterfaceOrientationLandscapeRight";
				IPHONEOS_DEPLOYMENT_TARGET = 13.0;
				LD_RUNPATH_SEARCH_PATHS = (
					"$(inherited)",
					"@executable_path/Frameworks",
				);
				MARKETING_VERSION = 1.0;
				PRODUCT_BUNDLE_IDENTIFIER = ch.mikaru.zkb;
				PRODUCT_NAME = "$(TARGET_NAME)";
				SWIFT_EMIT_LOC_STRINGS = YES;
				SWIFT_VERSION = 5.0;
				TARGETED_DEVICE_FAMILY = 1;
			};
			name = Release;
		};
		25F76304281999CA009EC54A /* Debug */ = {
			isa = XCBuildConfiguration;
			buildSettings = {
				ALWAYS_EMBED_SWIFT_STANDARD_LIBRARIES = YES;
				BUNDLE_LOADER = "$(TEST_HOST)";
				CODE_SIGN_STYLE = Automatic;
				CURRENT_PROJECT_VERSION = 1;
				DEVELOPMENT_TEAM = 9F6N6846R8;
				GENERATE_INFOPLIST_FILE = YES;
				IPHONEOS_DEPLOYMENT_TARGET = 15.4;
				MARKETING_VERSION = 1.0;
				PRODUCT_BUNDLE_IDENTIFIER = ch.mikaru.zkbTests;
				PRODUCT_NAME = "$(TARGET_NAME)";
				SWIFT_EMIT_LOC_STRINGS = NO;
				SWIFT_VERSION = 5.0;
				TARGETED_DEVICE_FAMILY = "1,2";
				TEST_HOST = "$(BUILT_PRODUCTS_DIR)/zkb.app/zkb";
			};
			name = Debug;
		};
		25F76305281999CA009EC54A /* Release */ = {
			isa = XCBuildConfiguration;
			buildSettings = {
				ALWAYS_EMBED_SWIFT_STANDARD_LIBRARIES = YES;
				BUNDLE_LOADER = "$(TEST_HOST)";
				CODE_SIGN_STYLE = Automatic;
				CURRENT_PROJECT_VERSION = 1;
				DEVELOPMENT_TEAM = 9F6N6846R8;
				GENERATE_INFOPLIST_FILE = YES;
				IPHONEOS_DEPLOYMENT_TARGET = 15.4;
				MARKETING_VERSION = 1.0;
				PRODUCT_BUNDLE_IDENTIFIER = ch.mikaru.zkbTests;
				PRODUCT_NAME = "$(TARGET_NAME)";
				SWIFT_EMIT_LOC_STRINGS = NO;
				SWIFT_VERSION = 5.0;
				TARGETED_DEVICE_FAMILY = "1,2";
				TEST_HOST = "$(BUILT_PRODUCTS_DIR)/zkb.app/zkb";
			};
			name = Release;
		};
		25F76307281999CA009EC54A /* Debug */ = {
			isa = XCBuildConfiguration;
			buildSettings = {
				ALWAYS_EMBED_SWIFT_STANDARD_LIBRARIES = YES;
				CODE_SIGN_STYLE = Automatic;
				CURRENT_PROJECT_VERSION = 1;
				DEVELOPMENT_TEAM = 9F6N6846R8;
				GENERATE_INFOPLIST_FILE = YES;
				MARKETING_VERSION = 1.0;
				PRODUCT_BUNDLE_IDENTIFIER = ch.mikaru.zkbUITests;
				PRODUCT_NAME = "$(TARGET_NAME)";
				SWIFT_EMIT_LOC_STRINGS = NO;
				SWIFT_VERSION = 5.0;
				TARGETED_DEVICE_FAMILY = "1,2";
				TEST_TARGET_NAME = zkb;
			};
			name = Debug;
		};
		25F76308281999CA009EC54A /* Release */ = {
			isa = XCBuildConfiguration;
			buildSettings = {
				ALWAYS_EMBED_SWIFT_STANDARD_LIBRARIES = YES;
				CODE_SIGN_STYLE = Automatic;
				CURRENT_PROJECT_VERSION = 1;
				DEVELOPMENT_TEAM = 9F6N6846R8;
				GENERATE_INFOPLIST_FILE = YES;
				MARKETING_VERSION = 1.0;
				PRODUCT_BUNDLE_IDENTIFIER = ch.mikaru.zkbUITests;
				PRODUCT_NAME = "$(TARGET_NAME)";
				SWIFT_EMIT_LOC_STRINGS = NO;
				SWIFT_VERSION = 5.0;
				TARGETED_DEVICE_FAMILY = "1,2";
				TEST_TARGET_NAME = zkb;
			};
			name = Release;
		};
/* End XCBuildConfiguration section */

/* Begin XCConfigurationList section */
		25F762D7281999C8009EC54A /* Build configuration list for PBXProject "zkb" */ = {
			isa = XCConfigurationList;
			buildConfigurations = (
				25F762FE281999CA009EC54A /* Debug */,
				25F762FF281999CA009EC54A /* Release */,
			);
			defaultConfigurationIsVisible = 0;
			defaultConfigurationName = Release;
		};
		25F76300281999CA009EC54A /* Build configuration list for PBXNativeTarget "zkb" */ = {
			isa = XCConfigurationList;
			buildConfigurations = (
				25F76301281999CA009EC54A /* Debug */,
				25F76302281999CA009EC54A /* Release */,
			);
			defaultConfigurationIsVisible = 0;
			defaultConfigurationName = Release;
		};
		25F76303281999CA009EC54A /* Build configuration list for PBXNativeTarget "zkbTests" */ = {
			isa = XCConfigurationList;
			buildConfigurations = (
				25F76304281999CA009EC54A /* Debug */,
				25F76305281999CA009EC54A /* Release */,
			);
			defaultConfigurationIsVisible = 0;
			defaultConfigurationName = Release;
		};
		25F76306281999CA009EC54A /* Build configuration list for PBXNativeTarget "zkbUITests" */ = {
			isa = XCConfigurationList;
			buildConfigurations = (
				25F76307281999CA009EC54A /* Debug */,
				25F76308281999CA009EC54A /* Release */,
			);
			defaultConfigurationIsVisible = 0;
			defaultConfigurationName = Release;
		};
/* End XCConfigurationList section */
	};
	rootObject = 25F762D4281999C8009EC54A /* Project object */;
}
